{
  "originHash" : "85d102a71748f5af1c43771080f517c39b8d5b27acebcf930c058c357ab53abb",
  "pins" : [
    {
      "identity" : "capacitor-swift-pm",
      "kind" : "remoteSourceControl",
      "location" : "https://github.com/ionic-team/capacitor-swift-pm.git",
      "state" : {
        "revision" : "6afa7424fd2fcd8ca1e577478e8a00af284b7e82",
        "version" : "8.5.1"
      }
    }
  ],
  "version" : 3
}
